{
  "name": "React E-commerce Web Application Project",
  "version": "1.0.0",
  "lockfileVersion": 3,
  "requires": true,
  "author": "",
  "description": "React E-commerce Web Application Project",
  "keywords": [],
  "license": "ISC",
  "main": "index.js",
  "packages": {},
  "devDependencies": {},
  "scripts": {
    "build": "react-scripts build",
    "eject": "react-scripts eject",
    "start": "react-scripts start",
    "test": "react-scripts test"
  }
}
